
Microsoft Visual Studio Solution File, Format Version 12.00
# Visual Studio Version 16
VisualStudioVersion = 16.0.31205.134
MinimumVisualStudioVersion = 10.0.40219.1
Project("{FAE04EC0-301F-11D3-BF4B-00C04F79EFBC}") = "DevTest", "DevTest\DevTest.csproj", "{4A4CB716-EEB6-4BE1-B57A-1DD4EAF816AD}"
EndProject
Project("{FAE04EC0-301F-11D3-BF4B-00C04F79EFBC}") = "PowerCore", "PowerCore\PowerCore.csproj", "{4403CFAF-B8B3-4FE6-A726-0C31582EC249}"
EndProject
Project("{2150E333-8FDC-42A3-9474-1A3956D46DE8}") = "Executable", "Executable", "{E340F889-B8D5-402B-B5A5-8BB973694209}"
EndProject
Project("{2150E333-8FDC-42A3-9474-1A3956D46DE8}") = "PowerExtension", "PowerExtension", "{16A2A8FE-6FB3-47BE-9DCD-5F054369BB75}"
EndProject
Project("{FAE04EC0-301F-11D3-BF4B-00C04F79EFBC}") = "GitHelper", "GitHelper\GitHelper.csproj", "{80357C5B-E4F6-42B6-8126-8459702FBBB9}"
EndProject
Project("{FAE04EC0-301F-11D3-BF4B-00C04F79EFBC}") = "FileTimesPropertySheet", "FileTimesPropertySheet\FileTimesPropertySheet.csproj", "{5A20D5E6-6C71-4118-8AA4-D033B38C4DC8}"
EndProject
Project("{FAE04EC0-301F-11D3-BF4B-00C04F79EFBC}") = "PowerExtensionApp", "PowerExtensionApp\PowerExtensionApp.csproj", "{739EF11B-5E09-423F-A526-07634B5F99C9}"
EndProject
Project("{FAE04EC0-301F-11D3-BF4B-00C04F79EFBC}") = "TxtThumbnailHandler", "ThumbnailTextFile\TxtThumbnailHandler.csproj", "{9FFF3ECF-C1E4-413E-8A44-54089E09863B}"
EndProject
Project("{FAE04EC0-301F-11D3-BF4B-00C04F79EFBC}") = "IconPreviewHandler", "IconPreviewHandler\IconPreviewHandler.csproj", "{CD074A10-08E8-4D08-9C9D-CD555847B624}"
EndProject
Project("{FAE04EC0-301F-11D3-BF4B-00C04F79EFBC}") = "DllIconHandler", "DllIconHandler\DllIconHandler.csproj", "{8B947619-D858-4D4D-BF71-06EE380E19E6}"
EndProject
Project("{FAE04EC0-301F-11D3-BF4B-00C04F79EFBC}") = "FileIconOverlayHandler", "FileIconOverlayHandler\FileIconOverlayHandler.csproj", "{F5011B18-0358-4848-B087-175576AB1D1D}"
EndProject
Global
	GlobalSection(SolutionConfigurationPlatforms) = preSolution
		Debug|Any CPU = Debug|Any CPU
		Debug|x64 = Debug|x64
		DebugApply|Any CPU = DebugApply|Any CPU
		DebugApply|x64 = DebugApply|x64
		Release|Any CPU = Release|Any CPU
		Release|x64 = Release|x64
	EndGlobalSection
	GlobalSection(ProjectConfigurationPlatforms) = postSolution
		{4A4CB716-EEB6-4BE1-B57A-1DD4EAF816AD}.Debug|Any CPU.ActiveCfg = Debug|Any CPU
		{4A4CB716-EEB6-4BE1-B57A-1DD4EAF816AD}.Debug|Any CPU.Build.0 = Debug|Any CPU
		{4A4CB716-EEB6-4BE1-B57A-1DD4EAF816AD}.Debug|x64.ActiveCfg = Debug|Any CPU
		{4A4CB716-EEB6-4BE1-B57A-1DD4EAF816AD}.Debug|x64.Build.0 = Debug|Any CPU
		{4A4CB716-EEB6-4BE1-B57A-1DD4EAF816AD}.DebugApply|Any CPU.ActiveCfg = Debug|Any CPU
		{4A4CB716-EEB6-4BE1-B57A-1DD4EAF816AD}.DebugApply|Any CPU.Build.0 = Debug|Any CPU
		{4A4CB716-EEB6-4BE1-B57A-1DD4EAF816AD}.DebugApply|x64.ActiveCfg = Debug|Any CPU
		{4A4CB716-EEB6-4BE1-B57A-1DD4EAF816AD}.DebugApply|x64.Build.0 = Debug|Any CPU
		{4A4CB716-EEB6-4BE1-B57A-1DD4EAF816AD}.Release|Any CPU.ActiveCfg = Release|Any CPU
		{4A4CB716-EEB6-4BE1-B57A-1DD4EAF816AD}.Release|Any CPU.Build.0 = Release|Any CPU
		{4A4CB716-EEB6-4BE1-B57A-1DD4EAF816AD}.Release|x64.ActiveCfg = Release|Any CPU
		{4A4CB716-EEB6-4BE1-B57A-1DD4EAF816AD}.Release|x64.Build.0 = Release|Any CPU
		{4403CFAF-B8B3-4FE6-A726-0C31582EC249}.Debug|Any CPU.ActiveCfg = Debug|Any CPU
		{4403CFAF-B8B3-4FE6-A726-0C31582EC249}.Debug|Any CPU.Build.0 = Debug|Any CPU
		{4403CFAF-B8B3-4FE6-A726-0C31582EC249}.Debug|x64.ActiveCfg = Debug|Any CPU
		{4403CFAF-B8B3-4FE6-A726-0C31582EC249}.Debug|x64.Build.0 = Debug|Any CPU
		{4403CFAF-B8B3-4FE6-A726-0C31582EC249}.DebugApply|Any CPU.ActiveCfg = Debug|Any CPU
		{4403CFAF-B8B3-4FE6-A726-0C31582EC249}.DebugApply|Any CPU.Build.0 = Debug|Any CPU
		{4403CFAF-B8B3-4FE6-A726-0C31582EC249}.DebugApply|x64.ActiveCfg = Debug|Any CPU
		{4403CFAF-B8B3-4FE6-A726-0C31582EC249}.DebugApply|x64.Build.0 = Debug|Any CPU
		{4403CFAF-B8B3-4FE6-A726-0C31582EC249}.Release|Any CPU.ActiveCfg = Release|Any CPU
		{4403CFAF-B8B3-4FE6-A726-0C31582EC249}.Release|Any CPU.Build.0 = Release|Any CPU
		{4403CFAF-B8B3-4FE6-A726-0C31582EC249}.Release|x64.ActiveCfg = Release|Any CPU
		{4403CFAF-B8B3-4FE6-A726-0C31582EC249}.Release|x64.Build.0 = Release|Any CPU
		{80357C5B-E4F6-42B6-8126-8459702FBBB9}.Debug|Any CPU.ActiveCfg = Debug|Any CPU
		{80357C5B-E4F6-42B6-8126-8459702FBBB9}.Debug|Any CPU.Build.0 = Debug|Any CPU
		{80357C5B-E4F6-42B6-8126-8459702FBBB9}.Debug|x64.ActiveCfg = Debug|Any CPU
		{80357C5B-E4F6-42B6-8126-8459702FBBB9}.Debug|x64.Build.0 = Debug|Any CPU
		{80357C5B-E4F6-42B6-8126-8459702FBBB9}.DebugApply|Any CPU.ActiveCfg = Debug|Any CPU
		{80357C5B-E4F6-42B6-8126-8459702FBBB9}.DebugApply|Any CPU.Build.0 = Debug|Any CPU
		{80357C5B-E4F6-42B6-8126-8459702FBBB9}.DebugApply|x64.ActiveCfg = Debug|Any CPU
		{80357C5B-E4F6-42B6-8126-8459702FBBB9}.DebugApply|x64.Build.0 = Debug|Any CPU
		{80357C5B-E4F6-42B6-8126-8459702FBBB9}.Release|Any CPU.ActiveCfg = Release|Any CPU
		{80357C5B-E4F6-42B6-8126-8459702FBBB9}.Release|Any CPU.Build.0 = Release|Any CPU
		{80357C5B-E4F6-42B6-8126-8459702FBBB9}.Release|x64.ActiveCfg = Release|Any CPU
		{80357C5B-E4F6-42B6-8126-8459702FBBB9}.Release|x64.Build.0 = Release|Any CPU
		{5A20D5E6-6C71-4118-8AA4-D033B38C4DC8}.Debug|Any CPU.ActiveCfg = Debug|Any CPU
		{5A20D5E6-6C71-4118-8AA4-D033B38C4DC8}.Debug|Any CPU.Build.0 = Debug|Any CPU
		{5A20D5E6-6C71-4118-8AA4-D033B38C4DC8}.Debug|x64.ActiveCfg = Debug|Any CPU
		{5A20D5E6-6C71-4118-8AA4-D033B38C4DC8}.Debug|x64.Build.0 = Debug|Any CPU
		{5A20D5E6-6C71-4118-8AA4-D033B38C4DC8}.DebugApply|Any CPU.ActiveCfg = Debug|Any CPU
		{5A20D5E6-6C71-4118-8AA4-D033B38C4DC8}.DebugApply|Any CPU.Build.0 = Debug|Any CPU
		{5A20D5E6-6C71-4118-8AA4-D033B38C4DC8}.DebugApply|x64.ActiveCfg = Debug|Any CPU
		{5A20D5E6-6C71-4118-8AA4-D033B38C4DC8}.DebugApply|x64.Build.0 = Debug|Any CPU
		{5A20D5E6-6C71-4118-8AA4-D033B38C4DC8}.Release|Any CPU.ActiveCfg = Release|Any CPU
		{5A20D5E6-6C71-4118-8AA4-D033B38C4DC8}.Release|Any CPU.Build.0 = Release|Any CPU
		{5A20D5E6-6C71-4118-8AA4-D033B38C4DC8}.Release|x64.ActiveCfg = Release|Any CPU
		{5A20D5E6-6C71-4118-8AA4-D033B38C4DC8}.Release|x64.Build.0 = Release|Any CPU
		{739EF11B-5E09-423F-A526-07634B5F99C9}.Debug|Any CPU.ActiveCfg = Debug|Any CPU
		{739EF11B-5E09-423F-A526-07634B5F99C9}.Debug|Any CPU.Build.0 = Debug|Any CPU
		{739EF11B-5E09-423F-A526-07634B5F99C9}.Debug|x64.ActiveCfg = Debug|Any CPU
		{739EF11B-5E09-423F-A526-07634B5F99C9}.Debug|x64.Build.0 = Debug|Any CPU
		{739EF11B-5E09-423F-A526-07634B5F99C9}.DebugApply|Any CPU.ActiveCfg = Debug|Any CPU
		{739EF11B-5E09-423F-A526-07634B5F99C9}.DebugApply|Any CPU.Build.0 = Debug|Any CPU
		{739EF11B-5E09-423F-A526-07634B5F99C9}.DebugApply|x64.ActiveCfg = Debug|Any CPU
		{739EF11B-5E09-423F-A526-07634B5F99C9}.DebugApply|x64.Build.0 = Debug|Any CPU
		{739EF11B-5E09-423F-A526-07634B5F99C9}.Release|Any CPU.ActiveCfg = Release|Any CPU
		{739EF11B-5E09-423F-A526-07634B5F99C9}.Release|Any CPU.Build.0 = Release|Any CPU
		{739EF11B-5E09-423F-A526-07634B5F99C9}.Release|x64.ActiveCfg = Release|Any CPU
		{739EF11B-5E09-423F-A526-07634B5F99C9}.Release|x64.Build.0 = Release|Any CPU
		{9FFF3ECF-C1E4-413E-8A44-54089E09863B}.Debug|Any CPU.ActiveCfg = Debug|Any CPU
		{9FFF3ECF-C1E4-413E-8A44-54089E09863B}.Debug|Any CPU.Build.0 = Debug|Any CPU
		{9FFF3ECF-C1E4-413E-8A44-54089E09863B}.Debug|x64.ActiveCfg = Debug|Any CPU
		{9FFF3ECF-C1E4-413E-8A44-54089E09863B}.Debug|x64.Build.0 = Debug|Any CPU
		{9FFF3ECF-C1E4-413E-8A44-54089E09863B}.DebugApply|Any CPU.ActiveCfg = Debug|Any CPU
		{9FFF3ECF-C1E4-413E-8A44-54089E09863B}.DebugApply|Any CPU.Build.0 = Debug|Any CPU
		{9FFF3ECF-C1E4-413E-8A44-54089E09863B}.DebugApply|x64.ActiveCfg = Debug|Any CPU
		{9FFF3ECF-C1E4-413E-8A44-54089E09863B}.DebugApply|x64.Build.0 = Debug|Any CPU
		{9FFF3ECF-C1E4-413E-8A44-54089E09863B}.Release|Any CPU.ActiveCfg = Release|Any CPU
		{9FFF3ECF-C1E4-413E-8A44-54089E09863B}.Release|Any CPU.Build.0 = Release|Any CPU
		{9FFF3ECF-C1E4-413E-8A44-54089E09863B}.Release|x64.ActiveCfg = Release|Any CPU
		{9FFF3ECF-C1E4-413E-8A44-54089E09863B}.Release|x64.Build.0 = Release|Any CPU
		{CD074A10-08E8-4D08-9C9D-CD555847B624}.Debug|Any CPU.ActiveCfg = Debug|Any CPU
		{CD074A10-08E8-4D08-9C9D-CD555847B624}.Debug|Any CPU.Build.0 = Debug|Any CPU
		{CD074A10-08E8-4D08-9C9D-CD555847B624}.Debug|x64.ActiveCfg = Debug|Any CPU
		{CD074A10-08E8-4D08-9C9D-CD555847B624}.Debug|x64.Build.0 = Debug|Any CPU
		{CD074A10-08E8-4D08-9C9D-CD555847B624}.DebugApply|Any CPU.ActiveCfg = Debug|Any CPU
		{CD074A10-08E8-4D08-9C9D-CD555847B624}.DebugApply|Any CPU.Build.0 = Debug|Any CPU
		{CD074A10-08E8-4D08-9C9D-CD555847B624}.DebugApply|x64.ActiveCfg = Debug|Any CPU
		{CD074A10-08E8-4D08-9C9D-CD555847B624}.DebugApply|x64.Build.0 = Debug|Any CPU
		{CD074A10-08E8-4D08-9C9D-CD555847B624}.Release|Any CPU.ActiveCfg = Release|Any CPU
		{CD074A10-08E8-4D08-9C9D-CD555847B624}.Release|Any CPU.Build.0 = Release|Any CPU
		{CD074A10-08E8-4D08-9C9D-CD555847B624}.Release|x64.ActiveCfg = Release|Any CPU
		{CD074A10-08E8-4D08-9C9D-CD555847B624}.Release|x64.Build.0 = Release|Any CPU
		{8B947619-D858-4D4D-BF71-06EE380E19E6}.Debug|Any CPU.ActiveCfg = Debug|Any CPU
		{8B947619-D858-4D4D-BF71-06EE380E19E6}.Debug|Any CPU.Build.0 = Debug|Any CPU
		{8B947619-D858-4D4D-BF71-06EE380E19E6}.Debug|x64.ActiveCfg = Debug|Any CPU
		{8B947619-D858-4D4D-BF71-06EE380E19E6}.Debug|x64.Build.0 = Debug|Any CPU
		{8B947619-D858-4D4D-BF71-06EE380E19E6}.DebugApply|Any CPU.ActiveCfg = Debug|Any CPU
		{8B947619-D858-4D4D-BF71-06EE380E19E6}.DebugApply|Any CPU.Build.0 = Debug|Any CPU
		{8B947619-D858-4D4D-BF71-06EE380E19E6}.DebugApply|x64.ActiveCfg = Debug|Any CPU
		{8B947619-D858-4D4D-BF71-06EE380E19E6}.DebugApply|x64.Build.0 = Debug|Any CPU
		{8B947619-D858-4D4D-BF71-06EE380E19E6}.Release|Any CPU.ActiveCfg = Release|Any CPU
		{8B947619-D858-4D4D-BF71-06EE380E19E6}.Release|Any CPU.Build.0 = Release|Any CPU
		{8B947619-D858-4D4D-BF71-06EE380E19E6}.Release|x64.ActiveCfg = Release|Any CPU
		{8B947619-D858-4D4D-BF71-06EE380E19E6}.Release|x64.Build.0 = Release|Any CPU
		{F5011B18-0358-4848-B087-175576AB1D1D}.Debug|Any CPU.ActiveCfg = Debug|Any CPU
		{F5011B18-0358-4848-B087-175576AB1D1D}.Debug|Any CPU.Build.0 = Debug|Any CPU
		{F5011B18-0358-4848-B087-175576AB1D1D}.Debug|x64.ActiveCfg = Debug|Any CPU
		{F5011B18-0358-4848-B087-175576AB1D1D}.Debug|x64.Build.0 = Debug|Any CPU
		{F5011B18-0358-4848-B087-175576AB1D1D}.DebugApply|Any CPU.ActiveCfg = Debug|Any CPU
		{F5011B18-0358-4848-B087-175576AB1D1D}.DebugApply|Any CPU.Build.0 = Debug|Any CPU
		{F5011B18-0358-4848-B087-175576AB1D1D}.DebugApply|x64.ActiveCfg = Debug|Any CPU
		{F5011B18-0358-4848-B087-175576AB1D1D}.DebugApply|x64.Build.0 = Debug|Any CPU
		{F5011B18-0358-4848-B087-175576AB1D1D}.Release|Any CPU.ActiveCfg = Release|Any CPU
		{F5011B18-0358-4848-B087-175576AB1D1D}.Release|Any CPU.Build.0 = Release|Any CPU
		{F5011B18-0358-4848-B087-175576AB1D1D}.Release|x64.ActiveCfg = Release|Any CPU
		{F5011B18-0358-4848-B087-175576AB1D1D}.Release|x64.Build.0 = Release|Any CPU
	EndGlobalSection
	GlobalSection(SolutionProperties) = preSolution
		HideSolutionNode = FALSE
	EndGlobalSection
	GlobalSection(NestedProjects) = preSolution
		{80357C5B-E4F6-42B6-8126-8459702FBBB9} = {16A2A8FE-6FB3-47BE-9DCD-5F054369BB75}
		{5A20D5E6-6C71-4118-8AA4-D033B38C4DC8} = {16A2A8FE-6FB3-47BE-9DCD-5F054369BB75}
		{739EF11B-5E09-423F-A526-07634B5F99C9} = {E340F889-B8D5-402B-B5A5-8BB973694209}
		{9FFF3ECF-C1E4-413E-8A44-54089E09863B} = {16A2A8FE-6FB3-47BE-9DCD-5F054369BB75}
		{CD074A10-08E8-4D08-9C9D-CD555847B624} = {16A2A8FE-6FB3-47BE-9DCD-5F054369BB75}
		{8B947619-D858-4D4D-BF71-06EE380E19E6} = {16A2A8FE-6FB3-47BE-9DCD-5F054369BB75}
		{F5011B18-0358-4848-B087-175576AB1D1D} = {16A2A8FE-6FB3-47BE-9DCD-5F054369BB75}
	EndGlobalSection
	GlobalSection(ExtensibilityGlobals) = postSolution
		SolutionGuid = {F33A4188-19FF-48D3-AD85-E98B10BB635D}
	EndGlobalSection
EndGlobal
